github.com/Jourloy/Colored v1.0.0 h1:cFhnmpzpAO0Hshn/ubaxpmGiSiTtrsbWge6mmZKjASQ=
github.com/Jourloy/Colored v1.0.0/go.mod h1:T+H6Wb3A/MkR3aza2ZG+J8I75TUIxzjRdpCxKZjfAeM=
github.com/Jourloy/Colored v1.0.1 h1:9xPC9J6CDHDbHAwM8tXtIB8Hsnn/KGrT1W3iCrRfg28=
github.com/Jourloy/Colored v1.0.1/go.mod h1:0tnl7Nj3VRJFJe0nkezaaa4xvGQ+WdNhzuFUbQL6544=
